// !$*UTF8*$!
{
	archiveVersion = 1;
	classes = {
	};
	objectVersion = 46;
	objects = {

/* Begin PBXBuildFile section */
		10E2D540181CC2C10040C93D /* HCInputView.m in Sources */ = {isa = PBXBuildFile; fileRef = 10E2D53F181CC2C10040C93D /* HCInputView.m */; };
		10E2D541181CC2C10040C93D /* HCInputView.m in Sources */ = {isa = PBXBuildFile; fileRef = 10E2D53F181CC2C10040C93D /* HCInputView.m */; };
		10E2D546181DA1D80040C93D /* InputView.xib in Resources */ = {isa = PBXBuildFile; fileRef = A6CC80AF1818B0E7005DEFB3 /* InputView.xib */; };
		A602220518065A9700E7D932 /* Foundation.framework in Frameworks */ = {isa = PBXBuildFile; fileRef = A602220418065A9700E7D932 /* Foundation.framework */; };
		A602220718065A9700E7D932 /* CoreGraphics.framework in Frameworks */ = {isa = PBXBuildFile; fileRef = A602220618065A9700E7D932 /* CoreGraphics.framework */; };
		A602220918065A9700E7D932 /* UIKit.framework in Frameworks */ = {isa = PBXBuildFile; fileRef = A602220818065A9700E7D932 /* UIKit.framework */; };
		A602220F18065A9700E7D932 /* InfoPlist.strings in Resources */ = {isa = PBXBuildFile; fileRef = A602220D18065A9700E7D932 /* InfoPlist.strings */; };
		A602221118065A9700E7D932 /* main.m in Sources */ = {isa = PBXBuildFile; fileRef = A602221018065A9700E7D932 /* main.m */; };
		A602221518065A9700E7D932 /* HCAppDelegate.m in Sources */ = {isa = PBXBuildFile; fileRef = A602221418065A9700E7D932 /* HCAppDelegate.m */; };
		A602222018065A9800E7D932 /* Images.xcassets in Resources */ = {isa = PBXBuildFile; fileRef = A602221F18065A9800E7D932 /* Images.xcassets */; };
		A602222718065A9800E7D932 /* XCTest.framework in Frameworks */ = {isa = PBXBuildFile; fileRef = A602222618065A9800E7D932 /* XCTest.framework */; };
		A602222818065A9800E7D932 /* Foundation.framework in Frameworks */ = {isa = PBXBuildFile; fileRef = A602220418065A9700E7D932 /* Foundation.framework */; };
		A602222918065A9800E7D932 /* UIKit.framework in Frameworks */ = {isa = PBXBuildFile; fileRef = A602220818065A9700E7D932 /* UIKit.framework */; };
		A602223118065A9800E7D932 /* InfoPlist.strings in Resources */ = {isa = PBXBuildFile; fileRef = A602222F18065A9800E7D932 /* InfoPlist.strings */; };
		A602223318065A9800E7D932 /* HissanCalculatorTests.m in Sources */ = {isa = PBXBuildFile; fileRef = A602223218065A9800E7D932 /* HissanCalculatorTests.m */; };
		A602223E18065AD100E7D932 /* HCViewController.m in Sources */ = {isa = PBXBuildFile; fileRef = A602223D18065AD100E7D932 /* HCViewController.m */; };
		A602223F18065AD100E7D932 /* HCViewController.m in Sources */ = {isa = PBXBuildFile; fileRef = A602223D18065AD100E7D932 /* HCViewController.m */; };
		A602224118065AE900E7D932 /* Main.storyboard in Resources */ = {isa = PBXBuildFile; fileRef = A602224018065AE900E7D932 /* Main.storyboard */; };
		A602224218065AE900E7D932 /* Main.storyboard in Resources */ = {isa = PBXBuildFile; fileRef = A602224018065AE900E7D932 /* Main.storyboard */; };
		A620CD401814C6900030C1EC /* QuartzCore.framework in Frameworks */ = {isa = PBXBuildFile; fileRef = A620CD3F1814C6900030C1EC /* QuartzCore.framework */; };
		A68966A1180D09B300BD5CB5 /* HCCalculationState.m in Sources */ = {isa = PBXBuildFile; fileRef = A68966A0180D09B300BD5CB5 /* HCCalculationState.m */; };
		A68966A8180DC75C00BD5CB5 /* HCCreateFomulaState.m in Sources */ = {isa = PBXBuildFile; fileRef = A68966A7180DC75C00BD5CB5 /* HCCreateFomulaState.m */; };
		A6929813181DDFB600E5DE3B /* HCCalculateView.m in Sources */ = {isa = PBXBuildFile; fileRef = A6929812181DDFB600E5DE3B /* HCCalculateView.m */; };
		A6929814181DDFB600E5DE3B /* HCCalculateView.m in Sources */ = {isa = PBXBuildFile; fileRef = A6929812181DDFB600E5DE3B /* HCCalculateView.m */; };
		A6B342D718189AF400D63DAC /* CoreGraphics.framework in Frameworks */ = {isa = PBXBuildFile; fileRef = A602220618065A9700E7D932 /* CoreGraphics.framework */; };
		A6B342D818189AF700D63DAC /* QuartzCore.framework in Frameworks */ = {isa = PBXBuildFile; fileRef = A620CD3F1814C6900030C1EC /* QuartzCore.framework */; };
		A6B342DA18189BCC00D63DAC /* HCCreateFomulaState.m in Sources */ = {isa = PBXBuildFile; fileRef = A68966A7180DC75C00BD5CB5 /* HCCreateFomulaState.m */; };
		A6B342DB18189BCF00D63DAC /* HCCalculationState.m in Sources */ = {isa = PBXBuildFile; fileRef = A68966A0180D09B300BD5CB5 /* HCCalculationState.m */; };
		A6CC80B01818B0E7005DEFB3 /* InputView.xib in Resources */ = {isa = PBXBuildFile; fileRef = A6CC80AF1818B0E7005DEFB3 /* InputView.xib */; };
		A6CC80B31818B19B005DEFB3 /* CalculateView.xib in Resources */ = {isa = PBXBuildFile; fileRef = A6CC80B21818B19B005DEFB3 /* CalculateView.xib */; };
/* End PBXBuildFile section */

/* Begin PBXContainerItemProxy section */
		A602222A18065A9800E7D932 /* PBXContainerItemProxy */ = {
			isa = PBXContainerItemProxy;
			containerPortal = A60221F918065A9700E7D932 /* Project object */;
			proxyType = 1;
			remoteGlobalIDString = A602220018065A9700E7D932;
			remoteInfo = HissanCalculator;
		};
/* End PBXContainerItemProxy section */

/* Begin PBXFileReference section */
		10E2D53E181CC2C10040C93D /* HCInputView.h */ = {isa = PBXFileReference; fileEncoding = 4; lastKnownFileType = sourcecode.c.h; path = HCInputView.h; sourceTree = "<group>"; };
		10E2D53F181CC2C10040C93D /* HCInputView.m */ = {isa = PBXFileReference; fileEncoding = 4; lastKnownFileType = sourcecode.c.objc; path = HCInputView.m; sourceTree = "<group>"; };
		A602220118065A9700E7D932 /* HissanCalculator.app */ = {isa = PBXFileReference; explicitFileType = wrapper.application; includeInIndex = 0; path = HissanCalculator.app; sourceTree = BUILT_PRODUCTS_DIR; };
		A602220418065A9700E7D932 /* Foundation.framework */ = {isa = PBXFileReference; lastKnownFileType = wrapper.framework; name = Foundation.framework; path = System/Library/Frameworks/Foundation.framework; sourceTree = SDKROOT; };
		A602220618065A9700E7D932 /* CoreGraphics.framework */ = {isa = PBXFileReference; lastKnownFileType = wrapper.framework; name = CoreGraphics.framework; path = System/Library/Frameworks/CoreGraphics.framework; sourceTree = SDKROOT; };
		A602220818065A9700E7D932 /* UIKit.framework */ = {isa = PBXFileReference; lastKnownFileType = wrapper.framework; name = UIKit.framework; path = System/Library/Frameworks/UIKit.framework; sourceTree = SDKROOT; };
		A602220C18065A9700E7D932 /* HissanCalculator-Info.plist */ = {isa = PBXFileReference; lastKnownFileType = text.plist.xml; path = "HissanCalculator-Info.plist"; sourceTree = "<group>"; };
		A602220E18065A9700E7D932 /* en */ = {isa = PBXFileReference; lastKnownFileType = text.plist.strings; name = en; path = en.lproj/InfoPlist.strings; sourceTree = "<group>"; };
		A602221018065A9700E7D932 /* main.m */ = {isa = PBXFileReference; lastKnownFileType = sourcecode.c.objc; path = main.m; sourceTree = "<group>"; };
		A602221218065A9700E7D932 /* HissanCalculator-Prefix.pch */ = {isa = PBXFileReference; lastKnownFileType = sourcecode.c.h; path = "HissanCalculator-Prefix.pch"; sourceTree = "<group>"; };
		A602221318065A9700E7D932 /* HCAppDelegate.h */ = {isa = PBXFileReference; lastKnownFileType = sourcecode.c.h; path = HCAppDelegate.h; sourceTree = "<group>"; };
		A602221418065A9700E7D932 /* HCAppDelegate.m */ = {isa = PBXFileReference; lastKnownFileType = sourcecode.c.objc; path = HCAppDelegate.m; sourceTree = "<group>"; };
		A602221F18065A9800E7D932 /* Images.xcassets */ = {isa = PBXFileReference; lastKnownFileType = folder.assetcatalog; path = Images.xcassets; sourceTree = "<group>"; };
		A602222518065A9800E7D932 /* HissanCalculatorTests.xctest */ = {isa = PBXFileReference; explicitFileType = wrapper.cfbundle; includeInIndex = 0; path = HissanCalculatorTests.xctest; sourceTree = BUILT_PRODUCTS_DIR; };
		A602222618065A9800E7D932 /* XCTest.framework */ = {isa = PBXFileReference; lastKnownFileType = wrapper.framework; name = XCTest.framework; path = Library/Frameworks/XCTest.framework; sourceTree = DEVELOPER_DIR; };
		A602222E18065A9800E7D932 /* HissanCalculatorTests-Info.plist */ = {isa = PBXFileReference; lastKnownFileType = text.plist.xml; path = "HissanCalculatorTests-Info.plist"; sourceTree = "<group>"; };
		A602223018065A9800E7D932 /* en */ = {isa = PBXFileReference; lastKnownFileType = text.plist.strings; name = en; path = en.lproj/InfoPlist.strings; sourceTree = "<group>"; };
		A602223218065A9800E7D932 /* HissanCalculatorTests.m */ = {isa = PBXFileReference; lastKnownFileType = sourcecode.c.objc; path = HissanCalculatorTests.m; sourceTree = "<group>"; };
		A602223C18065AD100E7D932 /* HCViewController.h */ = {isa = PBXFileReference; fileEncoding = 4; lastKnownFileType = sourcecode.c.h; lineEnding = 0; path = HCViewController.h; sourceTree = "<group>"; xcLanguageSpecificationIdentifier = xcode.lang.objcpp; };
		A602223D18065AD100E7D932 /* HCViewController.m */ = {isa = PBXFileReference; fileEncoding = 4; lastKnownFileType = sourcecode.c.objc; lineEnding = 0; path = HCViewController.m; sourceTree = "<group>"; xcLanguageSpecificationIdentifier = xcode.lang.objc; };
		A602224018065AE900E7D932 /* Main.storyboard */ = {isa = PBXFileReference; fileEncoding = 4; lastKnownFileType = file.storyboard; path = Main.storyboard; sourceTree = "<group>"; };
		A602224718065B6800E7D932 /* HCState.h */ = {isa = PBXFileReference; fileEncoding = 4; lastKnownFileType = sourcecode.c.h; path = HCState.h; sourceTree = "<group>"; };
		A620CD3F1814C6900030C1EC /* QuartzCore.framework */ = {isa = PBXFileReference; lastKnownFileType = wrapper.framework; name = QuartzCore.framework; path = System/Library/Frameworks/QuartzCore.framework; sourceTree = SDKROOT; };
		A689669F180D09B300BD5CB5 /* HCCalculationState.h */ = {isa = PBXFileReference; fileEncoding = 4; lastKnownFileType = sourcecode.c.h; path = HCCalculationState.h; sourceTree = "<group>"; };
		A68966A0180D09B300BD5CB5 /* HCCalculationState.m */ = {isa = PBXFileReference; fileEncoding = 4; lastKnownFileType = sourcecode.c.objc; path = HCCalculationState.m; sourceTree = "<group>"; };
		A68966A6180DC75C00BD5CB5 /* HCCreateFomulaState.h */ = {isa = PBXFileReference; fileEncoding = 4; lastKnownFileType = sourcecode.c.h; path = HCCreateFomulaState.h; sourceTree = "<group>"; };
		A68966A7180DC75C00BD5CB5 /* HCCreateFomulaState.m */ = {isa = PBXFileReference; fileEncoding = 4; lastKnownFileType = sourcecode.c.objc; path = HCCreateFomulaState.m; sourceTree = "<group>"; };
		A6929811181DDFB600E5DE3B /* HCCalculateView.h */ = {isa = PBXFileReference; fileEncoding = 4; lastKnownFileType = sourcecode.c.h; path = HCCalculateView.h; sourceTree = "<group>"; };
		A6929812181DDFB600E5DE3B /* HCCalculateView.m */ = {isa = PBXFileReference; fileEncoding = 4; lastKnownFileType = sourcecode.c.objc; path = HCCalculateView.m; sourceTree = "<group>"; };
		A6CC80AF1818B0E7005DEFB3 /* InputView.xib */ = {isa = PBXFileReference; fileEncoding = 4; lastKnownFileType = file.xib; path = InputView.xib; sourceTree = "<group>"; };
		A6CC80B21818B19B005DEFB3 /* CalculateView.xib */ = {isa = PBXFileReference; fileEncoding = 4; lastKnownFileType = file.xib; path = CalculateView.xib; sourceTree = "<group>"; };
/* End PBXFileReference section */

/* Begin PBXFrameworksBuildPhase section */
		A60221FE18065A9700E7D932 /* Frameworks */ = {
			isa = PBXFrameworksBuildPhase;
			buildActionMask = 2147483647;
			files = (
				A620CD401814C6900030C1EC /* QuartzCore.framework in Frameworks */,
				A602220718065A9700E7D932 /* CoreGraphics.framework in Frameworks */,
				A602220918065A9700E7D932 /* UIKit.framework in Frameworks */,
				A602220518065A9700E7D932 /* Foundation.framework in Frameworks */,
			);
			runOnlyForDeploymentPostprocessing = 0;
		};
		A602222218065A9800E7D932 /* Frameworks */ = {
			isa = PBXFrameworksBuildPhase;
			buildActionMask = 2147483647;
			files = (
				A6B342D818189AF700D63DAC /* QuartzCore.framework in Frameworks */,
				A6B342D718189AF400D63DAC /* CoreGraphics.framework in Frameworks */,
				A602222718065A9800E7D932 /* XCTest.framework in Frameworks */,
				A602222918065A9800E7D932 /* UIKit.framework in Frameworks */,
				A602222818065A9800E7D932 /* Foundation.framework in Frameworks */,
			);
			runOnlyForDeploymentPostprocessing = 0;
		};
/* End PBXFrameworksBuildPhase section */

/* Begin PBXGroup section */
		A60221F818065A9700E7D932 = {
			isa = PBXGroup;
			children = (
				A602220A18065A9700E7D932 /* HissanCalculator */,
				A602222C18065A9800E7D932 /* HissanCalculatorTests */,
				A602220318065A9700E7D932 /* Frameworks */,
				A602220218065A9700E7D932 /* Products */,
			);
			sourceTree = "<group>";
		};
		A602220218065A9700E7D932 /* Products */ = {
			isa = PBXGroup;
			children = (
				A602220118065A9700E7D932 /* HissanCalculator.app */,
				A602222518065A9800E7D932 /* HissanCalculatorTests.xctest */,
			);
			name = Products;
			sourceTree = "<group>";
		};
		A602220318065A9700E7D932 /* Frameworks */ = {
			isa = PBXGroup;
			children = (
				A620CD3F1814C6900030C1EC /* QuartzCore.framework */,
				A602220418065A9700E7D932 /* Foundation.framework */,
				A602220618065A9700E7D932 /* CoreGraphics.framework */,
				A602220818065A9700E7D932 /* UIKit.framework */,
				A602222618065A9800E7D932 /* XCTest.framework */,
			);
			name = Frameworks;
			sourceTree = "<group>";
		};
		A602220A18065A9700E7D932 /* HissanCalculator */ = {
			isa = PBXGroup;
			children = (
				A602221318065A9700E7D932 /* HCAppDelegate.h */,
				A602221418065A9700E7D932 /* HCAppDelegate.m */,
				A602223C18065AD100E7D932 /* HCViewController.h */,
				A602223D18065AD100E7D932 /* HCViewController.m */,
				10E2D53E181CC2C10040C93D /* HCInputView.h */,
				10E2D53F181CC2C10040C93D /* HCInputView.m */,
				A6929811181DDFB600E5DE3B /* HCCalculateView.h */,
				A6929812181DDFB600E5DE3B /* HCCalculateView.m */,
				A6CC80B11818B17F005DEFB3 /* ViewDesign */,
				A68966A2180D0D3800BD5CB5 /* StatePattern */,
				A602221F18065A9800E7D932 /* Images.xcassets */,
				A602220B18065A9700E7D932 /* Supporting Files */,
			);
			path = HissanCalculator;
			sourceTree = "<group>";
		};
		A602220B18065A9700E7D932 /* Supporting Files */ = {
			isa = PBXGroup;
			children = (
				A602220C18065A9700E7D932 /* HissanCalculator-Info.plist */,
				A602220D18065A9700E7D932 /* InfoPlist.strings */,
				A602221018065A9700E7D932 /* main.m */,
				A602221218065A9700E7D932 /* HissanCalculator-Prefix.pch */,
			);
			name = "Supporting Files";
			sourceTree = "<group>";
		};
		A602222C18065A9800E7D932 /* HissanCalculatorTests */ = {
			isa = PBXGroup;
			children = (
				A602223218065A9800E7D932 /* HissanCalculatorTests.m */,
				A602222D18065A9800E7D932 /* Supporting Files */,
			);
			path = HissanCalculatorTests;
			sourceTree = "<group>";
		};
		A602222D18065A9800E7D932 /* Supporting Files */ = {
			isa = PBXGroup;
			children = (
				A602222E18065A9800E7D932 /* HissanCalculatorTests-Info.plist */,
				A602222F18065A9800E7D932 /* InfoPlist.strings */,
			);
			name = "Supporting Files";
			sourceTree = "<group>";
		};
		A68966A2180D0D3800BD5CB5 /* StatePattern */ = {
			isa = PBXGroup;
			children = (
				A602224718065B6800E7D932 /* HCState.h */,
				A68966A6180DC75C00BD5CB5 /* HCCreateFomulaState.h */,
				A68966A7180DC75C00BD5CB5 /* HCCreateFomulaState.m */,
				A689669F180D09B300BD5CB5 /* HCCalculationState.h */,
				A68966A0180D09B300BD5CB5 /* HCCalculationState.m */,
			);
			name = StatePattern;
			sourceTree = "<group>";
		};
		A6CC80B11818B17F005DEFB3 /* ViewDesign */ = {
			isa = PBXGroup;
			children = (
				A602224018065AE900E7D932 /* Main.storyboard */,
				A6CC80AF1818B0E7005DEFB3 /* InputView.xib */,
				A6CC80B21818B19B005DEFB3 /* CalculateView.xib */,
			);
			name = ViewDesign;
			sourceTree = "<group>";
		};
/* End PBXGroup section */

/* Begin PBXNativeTarget section */
		A602220018065A9700E7D932 /* HissanCalculator */ = {
			isa = PBXNativeTarget;
			buildConfigurationList = A602223618065A9800E7D932 /* Build configuration list for PBXNativeTarget "HissanCalculator" */;
			buildPhases = (
				A60221FD18065A9700E7D932 /* Sources */,
				A60221FE18065A9700E7D932 /* Frameworks */,
				A60221FF18065A9700E7D932 /* Resources */,
			);
			buildRules = (
			);
			dependencies = (
			);
			name = HissanCalculator;
			productName = HissanCalculator;
			productReference = A602220118065A9700E7D932 /* HissanCalculator.app */;
			productType = "com.apple.product-type.application";
		};
		A602222418065A9800E7D932 /* HissanCalculatorTests */ = {
			isa = PBXNativeTarget;
			buildConfigurationList = A602223918065A9800E7D932 /* Build configuration list for PBXNativeTarget "HissanCalculatorTests" */;
			buildPhases = (
				A602222118065A9800E7D932 /* Sources */,
				A602222218065A9800E7D932 /* Frameworks */,
				A602222318065A9800E7D932 /* Resources */,
			);
			buildRules = (
			);
			dependencies = (
				A602222B18065A9800E7D932 /* PBXTargetDependency */,
			);
			name = HissanCalculatorTests;
			productName = HissanCalculatorTests;
			productReference = A602222518065A9800E7D932 /* HissanCalculatorTests.xctest */;
			productType = "com.apple.product-type.bundle.unit-test";
		};
/* End PBXNativeTarget section */

/* Begin PBXProject section */
		A60221F918065A9700E7D932 /* Project object */ = {
			isa = PBXProject;
			attributes = {
				CLASSPREFIX = HC;
				LastUpgradeCheck = 0500;
				ORGANIZATIONNAME = "Daiki IIJIMA";
				TargetAttributes = {
					A602220018065A9700E7D932 = {
						DevelopmentTeam = 6F7AWVE2J4;
					};
					A602222418065A9800E7D932 = {
						TestTargetID = A602220018065A9700E7D932;
					};
				};
			};
			buildConfigurationList = A60221FC18065A9700E7D932 /* Build configuration list for PBXProject "HissanCalculator" */;
			compatibilityVersion = "Xcode 3.2";
			developmentRegion = English;
			hasScannedForEncodings = 0;
			knownRegions = (
				en,
				Base,
			);
			mainGroup = A60221F818065A9700E7D932;
			productRefGroup = A602220218065A9700E7D932 /* Products */;
			projectDirPath = "";
			projectRoot = "";
			targets = (
				A602220018065A9700E7D932 /* HissanCalculator */,
				A602222418065A9800E7D932 /* HissanCalculatorTests */,
			);
		};
/* End PBXProject section */

/* Begin PBXResourcesBuildPhase section */
		A60221FF18065A9700E7D932 /* Resources */ = {
			isa = PBXResourcesBuildPhase;
			buildActionMask = 2147483647;
			files = (
				A602224118065AE900E7D932 /* Main.storyboard in Resources */,
				A6CC80B31818B19B005DEFB3 /* CalculateView.xib in Resources */,
				A6CC80B01818B0E7005DEFB3 /* InputView.xib in Resources */,
				A602222018065A9800E7D932 /* Images.xcassets in Resources */,
				A602220F18065A9700E7D932 /* InfoPlist.strings in Resources */,
			);
			runOnlyForDeploymentPostprocessing = 0;
		};
		A602222318065A9800E7D932 /* Resources */ = {
			isa = PBXResourcesBuildPhase;
			buildActionMask = 2147483647;
			files = (
				A602223118065A9800E7D932 /* InfoPlist.strings in Resources */,
				A602224218065AE900E7D932 /* Main.storyboard in Resources */,
				10E2D546181DA1D80040C93D /* InputView.xib in Resources */,
			);
			runOnlyForDeploymentPostprocessing = 0;
		};
/* End PBXResourcesBuildPhase section */

/* Begin PBXSourcesBuildPhase section */
		A60221FD18065A9700E7D932 /* Sources */ = {
			isa = PBXSourcesBuildPhase;
			buildActionMask = 2147483647;
			files = (
				A6929813181DDFB600E5DE3B /* HCCalculateView.m in Sources */,
				A68966A8180DC75C00BD5CB5 /* HCCreateFomulaState.m in Sources */,
				10E2D540181CC2C10040C93D /* HCInputView.m in Sources */,
				A602223E18065AD100E7D932 /* HCViewController.m in Sources */,
				A602221118065A9700E7D932 /* main.m in Sources */,
				A68966A1180D09B300BD5CB5 /* HCCalculationState.m in Sources */,
				A602221518065A9700E7D932 /* HCAppDelegate.m in Sources */,
			);
			runOnlyForDeploymentPostprocessing = 0;
		};
		A602222118065A9800E7D932 /* Sources */ = {
			isa = PBXSourcesBuildPhase;
			buildActionMask = 2147483647;
			files = (
				A6929814181DDFB600E5DE3B /* HCCalculateView.m in Sources */,
				A6B342DA18189BCC00D63DAC /* HCCreateFomulaState.m in Sources */,
				A602223318065A9800E7D932 /* HissanCalculatorTests.m in Sources */,
				10E2D541181CC2C10040C93D /* HCInputView.m in Sources */,
				A602223F18065AD100E7D932 /* HCViewController.m in Sources */,
				A6B342DB18189BCF00D63DAC /* HCCalculationState.m in Sources */,
			);
			runOnlyForDeploymentPostprocessing = 0;
		};
/* End PBXSourcesBuildPhase section */

/* Begin PBXTargetDependency section */
		A602222B18065A9800E7D932 /* PBXTargetDependency */ = {
			isa = PBXTargetDependency;
			target = A602220018065A9700E7D932 /* HissanCalculator */;
			targetProxy = A602222A18065A9800E7D932 /* PBXContainerItemProxy */;
		};
/* End PBXTargetDependency section */

/* Begin PBXVariantGroup section */
		A602220D18065A9700E7D932 /* InfoPlist.strings */ = {
			isa = PBXVariantGroup;
			children = (
				A602220E18065A9700E7D932 /* en */,
			);
			name = InfoPlist.strings;
			sourceTree = "<group>";
		};
		A602222F18065A9800E7D932 /* InfoPlist.strings */ = {
			isa = PBXVariantGroup;
			children = (
				A602223018065A9800E7D932 /* en */,
			);
			name = InfoPlist.strings;
			sourceTree = "<group>";
		};
/* End PBXVariantGroup section */

/* Begin XCBuildConfiguration section */
		A602223418065A9800E7D932 /* Debug */ = {
			isa = XCBuildConfiguration;
			buildSettings = {
				ALWAYS_SEARCH_USER_PATHS = NO;
				ARCHS = "$(ARCHS_STANDARD)";
				CLANG_CXX_LANGUAGE_STANDARD = "gnu++0x";
				CLANG_CXX_LIBRARY = "libc++";
				CLANG_ENABLE_MODULES = YES;
				CLANG_ENABLE_OBJC_ARC = YES;
				CLANG_WARN_BOOL_CONVERSION = YES;
				CLANG_WARN_CONSTANT_CONVERSION = YES;
				CLANG_WARN_DIRECT_OBJC_ISA_USAGE = YES_ERROR;
				CLANG_WARN_EMPTY_BODY = YES;
				CLANG_WARN_ENUM_CONVERSION = YES;
				CLANG_WARN_INT_CONVERSION = YES;
				CLANG_WARN_OBJC_ROOT_CLASS = YES_ERROR;
				CLANG_WARN__DUPLICATE_METHOD_MATCH = YES;
				"CODE_SIGN_IDENTITY[sdk=iphoneos*]" = "iPhone Developer";
				COPY_PHASE_STRIP = NO;
				GCC_C_LANGUAGE_STANDARD = gnu99;
				GCC_DYNAMIC_NO_PIC = NO;
				GCC_OPTIMIZATION_LEVEL = 0;
				GCC_PREPROCESSOR_DEFINITIONS = (
					"DEBUG=1",
					"$(inherited)",
				);
				GCC_SYMBOLS_PRIVATE_EXTERN = NO;
				GCC_WARN_64_TO_32_BIT_CONVERSION = YES;
				GCC_WARN_ABOUT_RETURN_TYPE = YES_ERROR;
				GCC_WARN_UNDECLARED_SELECTOR = YES;
				GCC_WARN_UNINITIALIZED_AUTOS = YES;
				GCC_WARN_UNUSED_FUNCTION = YES;
				GCC_WARN_UNUSED_VARIABLE = YES;
				IPHONEOS_DEPLOYMENT_TARGET = 7.0;
				ONLY_ACTIVE_ARCH = YES;
				SDKROOT = iphoneos;
				TARGETED_DEVICE_FAMILY = "1,2";
			};
			name = Debug;
		};
		A602223518065A9800E7D932 /* Release */ = {
			isa = XCBuildConfiguration;
			buildSettings = {
				ALWAYS_SEARCH_USER_PATHS = NO;
				ARCHS = "$(ARCHS_STANDARD)";
				CLANG_CXX_LANGUAGE_STANDARD = "gnu++0x";
				CLANG_CXX_LIBRARY = "libc++";
				CLANG_ENABLE_MODULES = YES;
				CLANG_ENABLE_OBJC_ARC = YES;
				CLANG_WARN_BOOL_CONVERSION = YES;
				CLANG_WARN_CONSTANT_CONVERSION = YES;
				CLANG_WARN_DIRECT_OBJC_ISA_USAGE = YES_ERROR;
				CLANG_WARN_EMPTY_BODY = YES;
				CLANG_WARN_ENUM_CONVERSION = YES;
				CLANG_WARN_INT_CONVERSION = YES;
				CLANG_WARN_OBJC_ROOT_CLASS = YES_ERROR;
				CLANG_WARN__DUPLICATE_METHOD_MATCH = YES;
				"CODE_SIGN_IDENTITY[sdk=iphoneos*]" = "iPhone Developer";
				COPY_PHASE_STRIP = YES;
				ENABLE_NS_ASSERTIONS = NO;
				GCC_C_LANGUAGE_STANDARD = gnu99;
				GCC_WARN_64_TO_32_BIT_CONVERSION = YES;
				GCC_WARN_ABOUT_RETURN_TYPE = YES_ERROR;
				GCC_WARN_UNDECLARED_SELECTOR = YES;
				GCC_WARN_UNINITIALIZED_AUTOS = YES;
				GCC_WARN_UNUSED_FUNCTION = YES;
				GCC_WARN_UNUSED_VARIABLE = YES;
				IPHONEOS_DEPLOYMENT_TARGET = 7.0;
				ONLY_ACTIVE_ARCH = YES;
				SDKROOT = iphoneos;
				TARGETED_DEVICE_FAMILY = "1,2";
				VALIDATE_PRODUCT = YES;
			};
			name = Release;
		};
		A602223718065A9800E7D932 /* Debug */ = {
			isa = XCBuildConfiguration;
			buildSettings = {
				ARCHS = "$(ARCHS_STANDARD)";
				ASSETCATALOG_COMPILER_APPICON_NAME = AppIcon;
				ASSETCATALOG_COMPILER_LAUNCHIMAGE_NAME = LaunchImage;
				CODE_SIGN_IDENTITY = "iPhone Developer";
				"CODE_SIGN_IDENTITY[sdk=iphoneos*]" = "iPhone Developer";
				GCC_PRECOMPILE_PREFIX_HEADER = YES;
				GCC_PREFIX_HEADER = "HissanCalculator/HissanCalculator-Prefix.pch";
				INFOPLIST_FILE = "HissanCalculator/HissanCalculator-Info.plist";
				IPHONEOS_DEPLOYMENT_TARGET = 7.0;
				ONLY_ACTIVE_ARCH = NO;
				PRODUCT_NAME = "$(TARGET_NAME)";
				PROVISIONING_PROFILE = "";
				SDKROOT = iphoneos;
				TARGETED_DEVICE_FAMILY = 2;
				WRAPPER_EXTENSION = app;
			};
			name = Debug;
		};
		A602223818065A9800E7D932 /* Release */ = {
			isa = XCBuildConfiguration;
			buildSettings = {
				ARCHS = "$(ARCHS_STANDARD)";
				ASSETCATALOG_COMPILER_APPICON_NAME = AppIcon;
				ASSETCATALOG_COMPILER_LAUNCHIMAGE_NAME = LaunchImage;
				CODE_SIGN_IDENTITY = "iPhone Developer";
				"CODE_SIGN_IDENTITY[sdk=iphoneos*]" = "iPhone Developer";
				GCC_PRECOMPILE_PREFIX_HEADER = YES;
				GCC_PREFIX_HEADER = "HissanCalculator/HissanCalculator-Prefix.pch";
				INFOPLIST_FILE = "HissanCalculator/HissanCalculator-Info.plist";
				IPHONEOS_DEPLOYMENT_TARGET = 7.0;
				ONLY_ACTIVE_ARCH = NO;
				PRODUCT_NAME = "$(TARGET_NAME)";
				PROVISIONING_PROFILE = "";
				SDKROOT = iphoneos;
				TARGETED_DEVICE_FAMILY = 2;
				WRAPPER_EXTENSION = app;
			};
			name = Release;
		};
		A602223A18065A9800E7D932 /* Debug */ = {
			isa = XCBuildConfiguration;
			buildSettings = {
				ARCHS = "$(ARCHS_STANDARD_INCLUDING_64_BIT)";
				BUNDLE_LOADER = "$(BUILT_PRODUCTS_DIR)/HissanCalculator.app/HissanCalculator";
				FRAMEWORK_SEARCH_PATHS = (
					"$(SDKROOT)/Developer/Library/Frameworks",
					"$(inherited)",
					"$(DEVELOPER_FRAMEWORKS_DIR)",
				);
				GCC_PRECOMPILE_PREFIX_HEADER = YES;
				GCC_PREFIX_HEADER = "HissanCalculator/HissanCalculator-Prefix.pch";
				GCC_PREPROCESSOR_DEFINITIONS = (
					"DEBUG=1",
					"$(inherited)",
				);
				INFOPLIST_FILE = "HissanCalculatorTests/HissanCalculatorTests-Info.plist";
				PRODUCT_NAME = "$(TARGET_NAME)";
				TEST_HOST = "$(BUNDLE_LOADER)";
				WRAPPER_EXTENSION = xctest;
			};
			name = Debug;
		};
		A602223B18065A9800E7D932 /* Release */ = {
			isa = XCBuildConfiguration;
			buildSettings = {
				ARCHS = "$(ARCHS_STANDARD_INCLUDING_64_BIT)";
				BUNDLE_LOADER = "$(BUILT_PRODUCTS_DIR)/HissanCalculator.app/HissanCalculator";
				FRAMEWORK_SEARCH_PATHS = (
					"$(SDKROOT)/Developer/Library/Frameworks",
					"$(inherited)",
					"$(DEVELOPER_FRAMEWORKS_DIR)",
				);
				GCC_PRECOMPILE_PREFIX_HEADER = YES;
				GCC_PREFIX_HEADER = "HissanCalculator/HissanCalculator-Prefix.pch";
				INFOPLIST_FILE = "HissanCalculatorTests/HissanCalculatorTests-Info.plist";
				PRODUCT_NAME = "$(TARGET_NAME)";
				TEST_HOST = "$(BUNDLE_LOADER)";
				WRAPPER_EXTENSION = xctest;
			};
			name = Release;
		};
/* End XCBuildConfiguration section */

/* Begin XCConfigurationList section */
		A60221FC18065A9700E7D932 /* Build configuration list for PBXProject "HissanCalculator" */ = {
			isa = XCConfigurationList;
			buildConfigurations = (
				A602223418065A9800E7D932 /* Debug */,
				A602223518065A9800E7D932 /* Release */,
			);
			defaultConfigurationIsVisible = 0;
			defaultConfigurationName = Release;
		};
		A602223618065A9800E7D932 /* Build configuration list for PBXNativeTarget "HissanCalculator" */ = {
			isa = XCConfigurationList;
			buildConfigurations = (
				A602223718065A9800E7D932 /* Debug */,
				A602223818065A9800E7D932 /* Release */,
			);
			defaultConfigurationIsVisible = 0;
			defaultConfigurationName = Release;
		};
		A602223918065A9800E7D932 /* Build configuration list for PBXNativeTarget "HissanCalculatorTests" */ = {
			isa = XCConfigurationList;
			buildConfigurations = (
				A602223A18065A9800E7D932 /* Debug */,
				A602223B18065A9800E7D932 /* Release */,
			);
			defaultConfigurationIsVisible = 0;
			defaultConfigurationName = Release;
		};
/* End XCConfigurationList section */
	};
	rootObject = A60221F918065A9700E7D932 /* Project object */;
}
